
Microsoft Visual Studio Solution File, Format Version 12.00
# Visual Studio 2013
VisualStudioVersion = 12.0.31101.0
MinimumVisualStudioVersion = 10.0.40219.1
Project("{FAE04EC0-301F-11D3-BF4B-00C04F79EFBC}") = "AsyncPluggableProtocol", "AsyncPluggableProtocol\AsyncPluggableProtocol.csproj", "{1E020FA4-493B-41FB-AB1B-5175B711CB79}"
EndProject
Project("{FAE04EC0-301F-11D3-BF4B-00C04F79EFBC}") = "WinFormSample", "Samples\WinFormSample\WinFormSample.csproj", "{CB179B4B-3EFB-40EB-AEC4-2730A1907FC7}"
EndProject
Project("{FAE04EC0-301F-11D3-BF4B-00C04F79EFBC}") = "AsyncPluggableProtocol.Tests", "AsyncPluggableProtocol.Tests\AsyncPluggableProtocol.Tests.csproj", "{F8AF2F6A-72A8-493D-BB92-428233C10F36}"
EndProject
Global
	GlobalSection(SolutionConfigurationPlatforms) = preSolution
		Debug|Any CPU = Debug|Any CPU
		Release|Any CPU = Release|Any CPU
	EndGlobalSection
	GlobalSection(ProjectConfigurationPlatforms) = postSolution
		{1E020FA4-493B-41FB-AB1B-5175B711CB79}.Debug|Any CPU.ActiveCfg = Debug|Any CPU
		{1E020FA4-493B-41FB-AB1B-5175B711CB79}.Debug|Any CPU.Build.0 = Debug|Any CPU
		{1E020FA4-493B-41FB-AB1B-5175B711CB79}.Release|Any CPU.ActiveCfg = Release|Any CPU
		{1E020FA4-493B-41FB-AB1B-5175B711CB79}.Release|Any CPU.Build.0 = Release|Any CPU
		{CB179B4B-3EFB-40EB-AEC4-2730A1907FC7}.Debug|Any CPU.ActiveCfg = Debug|Any CPU
		{CB179B4B-3EFB-40EB-AEC4-2730A1907FC7}.Debug|Any CPU.Build.0 = Debug|Any CPU
		{CB179B4B-3EFB-40EB-AEC4-2730A1907FC7}.Release|Any CPU.ActiveCfg = Release|Any CPU
		{CB179B4B-3EFB-40EB-AEC4-2730A1907FC7}.Release|Any CPU.Build.0 = Release|Any CPU
		{F8AF2F6A-72A8-493D-BB92-428233C10F36}.Debug|Any CPU.ActiveCfg = Debug|Any CPU
		{F8AF2F6A-72A8-493D-BB92-428233C10F36}.Debug|Any CPU.Build.0 = Debug|Any CPU
		{F8AF2F6A-72A8-493D-BB92-428233C10F36}.Release|Any CPU.ActiveCfg = Release|Any CPU
		{F8AF2F6A-72A8-493D-BB92-428233C10F36}.Release|Any CPU.Build.0 = Release|Any CPU
	EndGlobalSection
	GlobalSection(SolutionProperties) = preSolution
		HideSolutionNode = FALSE
	EndGlobalSection
	GlobalSection(CodealikeProperties) = postSolution
		SolutionGuid = 7c73a031-17c0-4b1b-8175-5ae25e6dd2f6
	EndGlobalSection
EndGlobal
